
Microsoft Visual Studio Solution File, Format Version 12.00
# Visual Studio Version 16
VisualStudioVersion = 16.0.29926.136
MinimumVisualStudioVersion = 10.0.40219.1
Project("{FAE04EC0-301F-11D3-BF4B-00C04F79EFBC}") = "DataAccess", "DataAccess\DataAccess.csproj", "{6AC31CA9-EA0E-4C5A-9EFC-476DF668C9BC}"
EndProject
Project("{FAE04EC0-301F-11D3-BF4B-00C04F79EFBC}") = "Business", "Business\Business.csproj", "{8D16B7EE-6ACB-4A57-975F-66384E003AD4}"
EndProject
Project("{FAE04EC0-301F-11D3-BF4B-00C04F79EFBC}") = "Entities", "Entities\Entities.csproj", "{1FD25967-B3C0-49E5-A14E-DCF5885F2ED8}"
EndProject
Project("{FAE04EC0-301F-11D3-BF4B-00C04F79EFBC}") = "WebAPI", "WebAPI\WebAPI.csproj", "{F9EE36B2-CAA6-45A3-9386-261250E01CD1}"
EndProject
Project("{FAE04EC0-301F-11D3-BF4B-00C04F79EFBC}") = "Core", "Core\Core.csproj", "{A4977EB2-9D17-4F5C-8475-06DCA4D0EA61}"
EndProject
Global
	GlobalSection(SolutionConfigurationPlatforms) = preSolution
		Debug|Any CPU = Debug|Any CPU
		Release|Any CPU = Release|Any CPU
	EndGlobalSection
	GlobalSection(ProjectConfigurationPlatforms) = postSolution
		{6AC31CA9-EA0E-4C5A-9EFC-476DF668C9BC}.Debug|Any CPU.ActiveCfg = Debug|Any CPU
		{6AC31CA9-EA0E-4C5A-9EFC-476DF668C9BC}.Debug|Any CPU.Build.0 = Debug|Any CPU
		{6AC31CA9-EA0E-4C5A-9EFC-476DF668C9BC}.Release|Any CPU.ActiveCfg = Release|Any CPU
		{6AC31CA9-EA0E-4C5A-9EFC-476DF668C9BC}.Release|Any CPU.Build.0 = Release|Any CPU
		{8D16B7EE-6ACB-4A57-975F-66384E003AD4}.Debug|Any CPU.ActiveCfg = Debug|Any CPU
		{8D16B7EE-6ACB-4A57-975F-66384E003AD4}.Debug|Any CPU.Build.0 = Debug|Any CPU
		{8D16B7EE-6ACB-4A57-975F-66384E003AD4}.Release|Any CPU.ActiveCfg = Release|Any CPU
		{8D16B7EE-6ACB-4A57-975F-66384E003AD4}.Release|Any CPU.Build.0 = Release|Any CPU
		{1FD25967-B3C0-49E5-A14E-DCF5885F2ED8}.Debug|Any CPU.ActiveCfg = Debug|Any CPU
		{1FD25967-B3C0-49E5-A14E-DCF5885F2ED8}.Debug|Any CPU.Build.0 = Debug|Any CPU
		{1FD25967-B3C0-49E5-A14E-DCF5885F2ED8}.Release|Any CPU.ActiveCfg = Release|Any CPU
		{1FD25967-B3C0-49E5-A14E-DCF5885F2ED8}.Release|Any CPU.Build.0 = Release|Any CPU
		{F9EE36B2-CAA6-45A3-9386-261250E01CD1}.Debug|Any CPU.ActiveCfg = Debug|Any CPU
		{F9EE36B2-CAA6-45A3-9386-261250E01CD1}.Debug|Any CPU.Build.0 = Debug|Any CPU
		{F9EE36B2-CAA6-45A3-9386-261250E01CD1}.Release|Any CPU.ActiveCfg = Release|Any CPU
		{F9EE36B2-CAA6-45A3-9386-261250E01CD1}.Release|Any CPU.Build.0 = Release|Any CPU
		{A4977EB2-9D17-4F5C-8475-06DCA4D0EA61}.Debug|Any CPU.ActiveCfg = Debug|Any CPU
		{A4977EB2-9D17-4F5C-8475-06DCA4D0EA61}.Debug|Any CPU.Build.0 = Debug|Any CPU
		{A4977EB2-9D17-4F5C-8475-06DCA4D0EA61}.Release|Any CPU.ActiveCfg = Release|Any CPU
		{A4977EB2-9D17-4F5C-8475-06DCA4D0EA61}.Release|Any CPU.Build.0 = Release|Any CPU
	EndGlobalSection
	GlobalSection(SolutionProperties) = preSolution
		HideSolutionNode = FALSE
	EndGlobalSection
	GlobalSection(ExtensibilityGlobals) = postSolution
		SolutionGuid = {D9068550-97B9-4F84-8144-9B61C681F284}
	EndGlobalSection
EndGlobal
